
Microsoft Visual Studio Solution File, Format Version 12.00
# Visual Studio Version 17
VisualStudioVersion = 17.9.34622.214
MinimumVisualStudioVersion = 10.0.40219.1
Project("{FAE04EC0-301F-11D3-BF4B-00C04F79EFBC}") = "++++", "++++\++++.csproj", "{9050B0BF-3B7D-4777-803D-8221BAC0C970}"
EndProject
Project("{FAE04EC0-301F-11D3-BF4B-00C04F79EFBC}") = "----", "----\----.csproj", "{81FE5DFF-661D-42D5-B379-6755BDDDC02A}"
EndProject
Global
	GlobalSection(SolutionConfigurationPlatforms) = preSolution
		Debug|Any CPU = Debug|Any CPU
		Release|Any CPU = Release|Any CPU
	EndGlobalSection
	GlobalSection(ProjectConfigurationPlatforms) = postSolution
		{9050B0BF-3B7D-4777-803D-8221BAC0C970}.Debug|Any CPU.ActiveCfg = Debug|Any CPU
		{9050B0BF-3B7D-4777-803D-8221BAC0C970}.Debug|Any CPU.Build.0 = Debug|Any CPU
		{9050B0BF-3B7D-4777-803D-8221BAC0C970}.Release|Any CPU.ActiveCfg = Release|Any CPU
		{9050B0BF-3B7D-4777-803D-8221BAC0C970}.Release|Any CPU.Build.0 = Release|Any CPU
		{81FE5DFF-661D-42D5-B379-6755BDDDC02A}.Debug|Any CPU.ActiveCfg = Debug|Any CPU
		{81FE5DFF-661D-42D5-B379-6755BDDDC02A}.Debug|Any CPU.Build.0 = Debug|Any CPU
		{81FE5DFF-661D-42D5-B379-6755BDDDC02A}.Release|Any CPU.ActiveCfg = Release|Any CPU
		{81FE5DFF-661D-42D5-B379-6755BDDDC02A}.Release|Any CPU.Build.0 = Release|Any CPU
	EndGlobalSection
	GlobalSection(SolutionProperties) = preSolution
		HideSolutionNode = FALSE
	EndGlobalSection
	GlobalSection(ExtensibilityGlobals) = postSolution
		SolutionGuid = {ED95E8C7-D6E4-4AA2-9BDA-E0C43A1D4C35}
	EndGlobalSection
EndGlobal
