
Microsoft Visual Studio Solution File, Format Version 12.00
# Visual Studio Version 17
VisualStudioVersion = 17.9.34622.214
MinimumVisualStudioVersion = 10.0.40219.1
Project("{FAE04EC0-301F-11D3-BF4B-00C04F79EFBC}") = "13.03", "13.03\13.03.csproj", "{62210E82-63C3-43B0-9303-912D4B5EEC2E}"
EndProject
Global
	GlobalSection(SolutionConfigurationPlatforms) = preSolution
		Debug|Any CPU = Debug|Any CPU
		Release|Any CPU = Release|Any CPU
	EndGlobalSection
	GlobalSection(ProjectConfigurationPlatforms) = postSolution
		{62210E82-63C3-43B0-9303-912D4B5EEC2E}.Debug|Any CPU.ActiveCfg = Debug|Any CPU
		{62210E82-63C3-43B0-9303-912D4B5EEC2E}.Debug|Any CPU.Build.0 = Debug|Any CPU
		{62210E82-63C3-43B0-9303-912D4B5EEC2E}.Release|Any CPU.ActiveCfg = Release|Any CPU
		{62210E82-63C3-43B0-9303-912D4B5EEC2E}.Release|Any CPU.Build.0 = Release|Any CPU
	EndGlobalSection
	GlobalSection(SolutionProperties) = preSolution
		HideSolutionNode = FALSE
	EndGlobalSection
	GlobalSection(ExtensibilityGlobals) = postSolution
		SolutionGuid = {3F0323D2-6AB9-4E30-BB45-083D65C6DBC6}
	EndGlobalSection
EndGlobal
