
Microsoft Visual Studio Solution File, Format Version 12.00
# Visual Studio Version 17
VisualStudioVersion = 17.8.34525.116
MinimumVisualStudioVersion = 10.0.40219.1
Project("{FAE04EC0-301F-11D3-BF4B-00C04F79EFBC}") = "ConsoleApp1", "ConsoleApp1\ConsoleApp1.csproj", "{DE52F527-56BA-404A-9622-016EA1DCB34B}"
EndProject
Project("{FAE04EC0-301F-11D3-BF4B-00C04F79EFBC}") = "pppp", "pppp\pppp.csproj", "{9F524344-31FE-4BDD-97C0-6C3A8CE7BF40}"
EndProject
Project("{FAE04EC0-301F-11D3-BF4B-00C04F79EFBC}") = "ConsoleApp2", "ConsoleApp2\ConsoleApp2.csproj", "{D38D8973-B67C-4B2A-A048-3667A1BACBBA}"
EndProject
Global
	GlobalSection(SolutionConfigurationPlatforms) = preSolution
		Debug|Any CPU = Debug|Any CPU
		Release|Any CPU = Release|Any CPU
	EndGlobalSection
	GlobalSection(ProjectConfigurationPlatforms) = postSolution
		{DE52F527-56BA-404A-9622-016EA1DCB34B}.Debug|Any CPU.ActiveCfg = Debug|Any CPU
		{DE52F527-56BA-404A-9622-016EA1DCB34B}.Debug|Any CPU.Build.0 = Debug|Any CPU
		{DE52F527-56BA-404A-9622-016EA1DCB34B}.Release|Any CPU.ActiveCfg = Release|Any CPU
		{DE52F527-56BA-404A-9622-016EA1DCB34B}.Release|Any CPU.Build.0 = Release|Any CPU
		{9F524344-31FE-4BDD-97C0-6C3A8CE7BF40}.Debug|Any CPU.ActiveCfg = Debug|Any CPU
		{9F524344-31FE-4BDD-97C0-6C3A8CE7BF40}.Debug|Any CPU.Build.0 = Debug|Any CPU
		{9F524344-31FE-4BDD-97C0-6C3A8CE7BF40}.Release|Any CPU.ActiveCfg = Release|Any CPU
		{9F524344-31FE-4BDD-97C0-6C3A8CE7BF40}.Release|Any CPU.Build.0 = Release|Any CPU
		{D38D8973-B67C-4B2A-A048-3667A1BACBBA}.Debug|Any CPU.ActiveCfg = Debug|Any CPU
		{D38D8973-B67C-4B2A-A048-3667A1BACBBA}.Debug|Any CPU.Build.0 = Debug|Any CPU
		{D38D8973-B67C-4B2A-A048-3667A1BACBBA}.Release|Any CPU.ActiveCfg = Release|Any CPU
		{D38D8973-B67C-4B2A-A048-3667A1BACBBA}.Release|Any CPU.Build.0 = Release|Any CPU
	EndGlobalSection
	GlobalSection(SolutionProperties) = preSolution
		HideSolutionNode = FALSE
	EndGlobalSection
	GlobalSection(ExtensibilityGlobals) = postSolution
		SolutionGuid = {0A649831-2229-42A3-8746-DFED65A613FD}
	EndGlobalSection
EndGlobal
