
Microsoft Visual Studio Solution File, Format Version 12.00
# Visual Studio Version 17
VisualStudioVersion = 17.9.34622.214
MinimumVisualStudioVersion = 10.0.40219.1
Project("{FAE04EC0-301F-11D3-BF4B-00C04F79EFBC}") = "1204", "1204\1204.csproj", "{ED4609D7-351D-4CC2-8521-5C0F0DEDF19E}"
EndProject
Global
	GlobalSection(SolutionConfigurationPlatforms) = preSolution
		Debug|Any CPU = Debug|Any CPU
		Release|Any CPU = Release|Any CPU
	EndGlobalSection
	GlobalSection(ProjectConfigurationPlatforms) = postSolution
		{ED4609D7-351D-4CC2-8521-5C0F0DEDF19E}.Debug|Any CPU.ActiveCfg = Debug|Any CPU
		{ED4609D7-351D-4CC2-8521-5C0F0DEDF19E}.Debug|Any CPU.Build.0 = Debug|Any CPU
		{ED4609D7-351D-4CC2-8521-5C0F0DEDF19E}.Release|Any CPU.ActiveCfg = Release|Any CPU
		{ED4609D7-351D-4CC2-8521-5C0F0DEDF19E}.Release|Any CPU.Build.0 = Release|Any CPU
	EndGlobalSection
	GlobalSection(SolutionProperties) = preSolution
		HideSolutionNode = FALSE
	EndGlobalSection
	GlobalSection(ExtensibilityGlobals) = postSolution
		SolutionGuid = {0CB81A6F-5B5A-419D-AFCC-FE12EA893156}
	EndGlobalSection
EndGlobal
